
Microsoft Visual Studio Solution File, Format Version 12.00
# Visual Studio Version 17
VisualStudioVersion = 17.9.34701.34
MinimumVisualStudioVersion = 10.0.40219.1
Project("{FAE04EC0-301F-11D3-BF4B-00C04F79EFBC}") = "AnahiQuezada_EjecicioCF", "AnahiQuezada_EjecicioCF.csproj", "{2FAC4F01-7994-4967-A1A9-CE9F7C7759E3}"
EndProject
Global
	GlobalSection(SolutionConfigurationPlatforms) = preSolution
		Debug|Any CPU = Debug|Any CPU
		Release|Any CPU = Release|Any CPU
	EndGlobalSection
	GlobalSection(ProjectConfigurationPlatforms) = postSolution
		{2FAC4F01-7994-4967-A1A9-CE9F7C7759E3}.Debug|Any CPU.ActiveCfg = Debug|Any CPU
		{2FAC4F01-7994-4967-A1A9-CE9F7C7759E3}.Debug|Any CPU.Build.0 = Debug|Any CPU
		{2FAC4F01-7994-4967-A1A9-CE9F7C7759E3}.Release|Any CPU.ActiveCfg = Release|Any CPU
		{2FAC4F01-7994-4967-A1A9-CE9F7C7759E3}.Release|Any CPU.Build.0 = Release|Any CPU
	EndGlobalSection
	GlobalSection(SolutionProperties) = preSolution
		HideSolutionNode = FALSE
	EndGlobalSection
	GlobalSection(ExtensibilityGlobals) = postSolution
		SolutionGuid = {20059C21-6ECE-4102-AF9D-901463004D06}
	EndGlobalSection
EndGlobal
